version = 4
requires-python = ">=3.10"

[[package]]
name = "openenv-core"
version = "0.2.0"
source = { type = "index", url = "https://pypi.org/simple", sdist = { url = "https://files.pythonhosted.org/packages/openenv_core-0.2.0.tar.gz", hash = "sha256:..." }, wheels = [] }

[[package]]
name = "fastapi"
version = "0.104.0"
source = { type = "index", url = "https://pypi.org/simple" }

[[package]]
name = "uvicorn"
version = "0.24.0"
source = { type = "index", url = "https://pypi.org/simple" }

[[package]]
name = "pydantic"
version = "2.0.0"
source = { type = "index", url = "https://pypi.org/simple" }

[[package]]
name = "httpx"
version = "0.25.0"
source = { type = "index", url = "https://pypi.org/simple" }

[[package]]
name = "python-dotenv"
version = "1.0.0"
source = { type = "index", url = "https://pypi.org/simple" }

[[package]]
name = "openai"
version = "1.0.0"
source = { type = "index", url = "https://pypi.org/simple" }
